// !$*UTF8*$!
{
	archiveVersion = 1;
	classes = {
	};
	objectVersion = 56;
	objects = {

/* Begin PBXBuildFile section */
		930EF5522B879C7A00DA6936 /* AppDelegate.swift in Sources */ = {isa = PBXBuildFile; fileRef = 930EF5512B879C7A00DA6936 /* AppDelegate.swift */; };
		930EF5542B879C7A00DA6936 /* GameScene.sks in Resources */ = {isa = PBXBuildFile; fileRef = 930EF5532B879C7A00DA6936 /* GameScene.sks */; };
		930EF5562B879C7A00DA6936 /* Actions.sks in Resources */ = {isa = PBXBuildFile; fileRef = 930EF5552B879C7A00DA6936 /* Actions.sks */; };
		930EF5582B879C7A00DA6936 /* GameScene.swift in Sources */ = {isa = PBXBuildFile; fileRef = 930EF5572B879C7A00DA6936 /* GameScene.swift */; };
		930EF55A2B879C7A00DA6936 /* GameViewController.swift in Sources */ = {isa = PBXBuildFile; fileRef = 930EF5592B879C7A00DA6936 /* GameViewController.swift */; };
		930EF55D2B879C7A00DA6936 /* Main.storyboard in Resources */ = {isa = PBXBuildFile; fileRef = 930EF55B2B879C7A00DA6936 /* Main.storyboard */; };
		930EF55F2B879C7C00DA6936 /* Assets.xcassets in Resources */ = {isa = PBXBuildFile; fileRef = 930EF55E2B879C7C00DA6936 /* Assets.xcassets */; };
		930EF5622B879C7C00DA6936 /* LaunchScreen.storyboard in Resources */ = {isa = PBXBuildFile; fileRef = 930EF5602B879C7C00DA6936 /* LaunchScreen.storyboard */; };
		930EF56C2B879C7C00DA6936 /* SideScrollerNotesTests.swift in Sources */ = {isa = PBXBuildFile; fileRef = 930EF56B2B879C7C00DA6936 /* SideScrollerNotesTests.swift */; };
		930EF5762B879C7C00DA6936 /* SideScrollerNotesUITests.swift in Sources */ = {isa = PBXBuildFile; fileRef = 930EF5752B879C7C00DA6936 /* SideScrollerNotesUITests.swift */; };
		930EF5782B879C7C00DA6936 /* SideScrollerNotesUITestsLaunchTests.swift in Sources */ = {isa = PBXBuildFile; fileRef = 930EF5772B879C7C00DA6936 /* SideScrollerNotesUITestsLaunchTests.swift */; };
/* End PBXBuildFile section */

/* Begin PBXContainerItemProxy section */
		930EF5682B879C7C00DA6936 /* PBXContainerItemProxy */ = {
			isa = PBXContainerItemProxy;
			containerPortal = 930EF5462B879C7A00DA6936 /* Project object */;
			proxyType = 1;
			remoteGlobalIDString = 930EF54D2B879C7A00DA6936;
			remoteInfo = SideScrollerNotes;
		};
		930EF5722B879C7C00DA6936 /* PBXContainerItemProxy */ = {
			isa = PBXContainerItemProxy;
			containerPortal = 930EF5462B879C7A00DA6936 /* Project object */;
			proxyType = 1;
			remoteGlobalIDString = 930EF54D2B879C7A00DA6936;
			remoteInfo = SideScrollerNotes;
		};
/* End PBXContainerItemProxy section */

/* Begin PBXFileReference section */
		930EF54E2B879C7A00DA6936 /* SideScrollerNotes.app */ = {isa = PBXFileReference; explicitFileType = wrapper.application; includeInIndex = 0; path = SideScrollerNotes.app; sourceTree = BUILT_PRODUCTS_DIR; };
		930EF5512B879C7A00DA6936 /* AppDelegate.swift */ = {isa = PBXFileReference; lastKnownFileType = sourcecode.swift; path = AppDelegate.swift; sourceTree = "<group>"; };
		930EF5532B879C7A00DA6936 /* GameScene.sks */ = {isa = PBXFileReference; lastKnownFileType = file.sks; path = GameScene.sks; sourceTree = "<group>"; };
		930EF5552B879C7A00DA6936 /* Actions.sks */ = {isa = PBXFileReference; lastKnownFileType = file.sks; path = Actions.sks; sourceTree = "<group>"; };
		930EF5572B879C7A00DA6936 /* GameScene.swift */ = {isa = PBXFileReference; lastKnownFileType = sourcecode.swift; path = GameScene.swift; sourceTree = "<group>"; };
		930EF5592B879C7A00DA6936 /* GameViewController.swift */ = {isa = PBXFileReference; lastKnownFileType = sourcecode.swift; path = GameViewController.swift; sourceTree = "<group>"; };
		930EF55C2B879C7A00DA6936 /* Base */ = {isa = PBXFileReference; lastKnownFileType = file.storyboard; name = Base; path = Base.lproj/Main.storyboard; sourceTree = "<group>"; };
		930EF55E2B879C7C00DA6936 /* Assets.xcassets */ = {isa = PBXFileReference; lastKnownFileType = folder.assetcatalog; path = Assets.xcassets; sourceTree = "<group>"; };
		930EF5612B879C7C00DA6936 /* Base */ = {isa = PBXFileReference; lastKnownFileType = file.storyboard; name = Base; path = Base.lproj/LaunchScreen.storyboard; sourceTree = "<group>"; };
		930EF5672B879C7C00DA6936 /* SideScrollerNotesTests.xctest */ = {isa = PBXFileReference; explicitFileType = wrapper.cfbundle; includeInIndex = 0; path = SideScrollerNotesTests.xctest; sourceTree = BUILT_PRODUCTS_DIR; };
		930EF56B2B879C7C00DA6936 /* SideScrollerNotesTests.swift */ = {isa = PBXFileReference; lastKnownFileType = sourcecode.swift; path = SideScrollerNotesTests.swift; sourceTree = "<group>"; };
		930EF5712B879C7C00DA6936 /* SideScrollerNotesUITests.xctest */ = {isa = PBXFileReference; explicitFileType = wrapper.cfbundle; includeInIndex = 0; path = SideScrollerNotesUITests.xctest; sourceTree = BUILT_PRODUCTS_DIR; };
		930EF5752B879C7C00DA6936 /* SideScrollerNotesUITests.swift */ = {isa = PBXFileReference; lastKnownFileType = sourcecode.swift; path = SideScrollerNotesUITests.swift; sourceTree = "<group>"; };
		930EF5772B879C7C00DA6936 /* SideScrollerNotesUITestsLaunchTests.swift */ = {isa = PBXFileReference; lastKnownFileType = sourcecode.swift; path = SideScrollerNotesUITestsLaunchTests.swift; sourceTree = "<group>"; };
/* End PBXFileReference section */

/* Begin PBXFrameworksBuildPhase section */
		930EF54B2B879C7A00DA6936 /* Frameworks */ = {
			isa = PBXFrameworksBuildPhase;
			buildActionMask = 2147483647;
			files = (
			);
			runOnlyForDeploymentPostprocessing = 0;
		};
		930EF5642B879C7C00DA6936 /* Frameworks */ = {
			isa = PBXFrameworksBuildPhase;
			buildActionMask = 2147483647;
			files = (
			);
			runOnlyForDeploymentPostprocessing = 0;
		};
		930EF56E2B879C7C00DA6936 /* Frameworks */ = {
			isa = PBXFrameworksBuildPhase;
			buildActionMask = 2147483647;
			files = (
			);
			runOnlyForDeploymentPostprocessing = 0;
		};
/* End PBXFrameworksBuildPhase section */

/* Begin PBXGroup section */
		930EF5452B879C7A00DA6936 = {
			isa = PBXGroup;
			children = (
				930EF5502B879C7A00DA6936 /* SideScrollerNotes */,
				930EF56A2B879C7C00DA6936 /* SideScrollerNotesTests */,
				930EF5742B879C7C00DA6936 /* SideScrollerNotesUITests */,
				930EF54F2B879C7A00DA6936 /* Products */,
			);
			sourceTree = "<group>";
		};
		930EF54F2B879C7A00DA6936 /* Products */ = {
			isa = PBXGroup;
			children = (
				930EF54E2B879C7A00DA6936 /* SideScrollerNotes.app */,
				930EF5672B879C7C00DA6936 /* SideScrollerNotesTests.xctest */,
				930EF5712B879C7C00DA6936 /* SideScrollerNotesUITests.xctest */,
			);
			name = Products;
			sourceTree = "<group>";
		};
		930EF5502B879C7A00DA6936 /* SideScrollerNotes */ = {
			isa = PBXGroup;
			children = (
				930EF5512B879C7A00DA6936 /* AppDelegate.swift */,
				930EF5532B879C7A00DA6936 /* GameScene.sks */,
				930EF5552B879C7A00DA6936 /* Actions.sks */,
				930EF5572B879C7A00DA6936 /* GameScene.swift */,
				930EF5592B879C7A00DA6936 /* GameViewController.swift */,
				930EF55B2B879C7A00DA6936 /* Main.storyboard */,
				930EF55E2B879C7C00DA6936 /* Assets.xcassets */,
				930EF5602B879C7C00DA6936 /* LaunchScreen.storyboard */,
			);
			path = SideScrollerNotes;
			sourceTree = "<group>";
		};
		930EF56A2B879C7C00DA6936 /* SideScrollerNotesTests */ = {
			isa = PBXGroup;
			children = (
				930EF56B2B879C7C00DA6936 /* SideScrollerNotesTests.swift */,
			);
			path = SideScrollerNotesTests;
			sourceTree = "<group>";
		};
		930EF5742B879C7C00DA6936 /* SideScrollerNotesUITests */ = {
			isa = PBXGroup;
			children = (
				930EF5752B879C7C00DA6936 /* SideScrollerNotesUITests.swift */,
				930EF5772B879C7C00DA6936 /* SideScrollerNotesUITestsLaunchTests.swift */,
			);
			path = SideScrollerNotesUITests;
			sourceTree = "<group>";
		};
/* End PBXGroup section */

/* Begin PBXNativeTarget section */
		930EF54D2B879C7A00DA6936 /* SideScrollerNotes */ = {
			isa = PBXNativeTarget;
			buildConfigurationList = 930EF57B2B879C7C00DA6936 /* Build configuration list for PBXNativeTarget "SideScrollerNotes" */;
			buildPhases = (
				930EF54A2B879C7A00DA6936 /* Sources */,
				930EF54B2B879C7A00DA6936 /* Frameworks */,
				930EF54C2B879C7A00DA6936 /* Resources */,
			);
			buildRules = (
			);
			dependencies = (
			);
			name = SideScrollerNotes;
			productName = SideScrollerNotes;
			productReference = 930EF54E2B879C7A00DA6936 /* SideScrollerNotes.app */;
			productType = "com.apple.product-type.application";
		};
		930EF5662B879C7C00DA6936 /* SideScrollerNotesTests */ = {
			isa = PBXNativeTarget;
			buildConfigurationList = 930EF57E2B879C7C00DA6936 /* Build configuration list for PBXNativeTarget "SideScrollerNotesTests" */;
			buildPhases = (
				930EF5632B879C7C00DA6936 /* Sources */,
				930EF5642B879C7C00DA6936 /* Frameworks */,
				930EF5652B879C7C00DA6936 /* Resources */,
			);
			buildRules = (
			);
			dependencies = (
				930EF5692B879C7C00DA6936 /* PBXTargetDependency */,
			);
			name = SideScrollerNotesTests;
			productName = SideScrollerNotesTests;
			productReference = 930EF5672B879C7C00DA6936 /* SideScrollerNotesTests.xctest */;
			productType = "com.apple.product-type.bundle.unit-test";
		};
		930EF5702B879C7C00DA6936 /* SideScrollerNotesUITests */ = {
			isa = PBXNativeTarget;
			buildConfigurationList = 930EF5812B879C7C00DA6936 /* Build configuration list for PBXNativeTarget "SideScrollerNotesUITests" */;
			buildPhases = (
				930EF56D2B879C7C00DA6936 /* Sources */,
				930EF56E2B879C7C00DA6936 /* Frameworks */,
				930EF56F2B879C7C00DA6936 /* Resources */,
			);
			buildRules = (
			);
			dependencies = (
				930EF5732B879C7C00DA6936 /* PBXTargetDependency */,
			);
			name = SideScrollerNotesUITests;
			productName = SideScrollerNotesUITests;
			productReference = 930EF5712B879C7C00DA6936 /* SideScrollerNotesUITests.xctest */;
			productType = "com.apple.product-type.bundle.ui-testing";
		};
/* End PBXNativeTarget section */

/* Begin PBXProject section */
		930EF5462B879C7A00DA6936 /* Project object */ = {
			isa = PBXProject;
			attributes = {
				BuildIndependentTargetsInParallel = 1;
				LastSwiftUpdateCheck = 1510;
				LastUpgradeCheck = 1510;
				TargetAttributes = {
					930EF54D2B879C7A00DA6936 = {
						CreatedOnToolsVersion = 15.1;
					};
					930EF5662B879C7C00DA6936 = {
						CreatedOnToolsVersion = 15.1;
						TestTargetID = 930EF54D2B879C7A00DA6936;
					};
					930EF5702B879C7C00DA6936 = {
						CreatedOnToolsVersion = 15.1;
						TestTargetID = 930EF54D2B879C7A00DA6936;
					};
				};
			};
			buildConfigurationList = 930EF5492B879C7A00DA6936 /* Build configuration list for PBXProject "SideScrollerNotes" */;
			compatibilityVersion = "Xcode 14.0";
			developmentRegion = en;
			hasScannedForEncodings = 0;
			knownRegions = (
				en,
				Base,
			);
			mainGroup = 930EF5452B879C7A00DA6936;
			productRefGroup = 930EF54F2B879C7A00DA6936 /* Products */;
			projectDirPath = "";
			projectRoot = "";
			targets = (
				930EF54D2B879C7A00DA6936 /* SideScrollerNotes */,
				930EF5662B879C7C00DA6936 /* SideScrollerNotesTests */,
				930EF5702B879C7C00DA6936 /* SideScrollerNotesUITests */,
			);
		};
/* End PBXProject section */

/* Begin PBXResourcesBuildPhase section */
		930EF54C2B879C7A00DA6936 /* Resources */ = {
			isa = PBXResourcesBuildPhase;
			buildActionMask = 2147483647;
			files = (
				930EF55D2B879C7A00DA6936 /* Main.storyboard in Resources */,
				930EF5542B879C7A00DA6936 /* GameScene.sks in Resources */,
				930EF55F2B879C7C00DA6936 /* Assets.xcassets in Resources */,
				930EF5622B879C7C00DA6936 /* LaunchScreen.storyboard in Resources */,
				930EF5562B879C7A00DA6936 /* Actions.sks in Resources */,
			);
			runOnlyForDeploymentPostprocessing = 0;
		};
		930EF5652B879C7C00DA6936 /* Resources */ = {
			isa = PBXResourcesBuildPhase;
			buildActionMask = 2147483647;
			files = (
			);
			runOnlyForDeploymentPostprocessing = 0;
		};
		930EF56F2B879C7C00DA6936 /* Resources */ = {
			isa = PBXResourcesBuildPhase;
			buildActionMask = 2147483647;
			files = (
			);
			runOnlyForDeploymentPostprocessing = 0;
		};
/* End PBXResourcesBuildPhase section */

/* Begin PBXSourcesBuildPhase section */
		930EF54A2B879C7A00DA6936 /* Sources */ = {
			isa = PBXSourcesBuildPhase;
			buildActionMask = 2147483647;
			files = (
				930EF5582B879C7A00DA6936 /* GameScene.swift in Sources */,
				930EF55A2B879C7A00DA6936 /* GameViewController.swift in Sources */,
				930EF5522B879C7A00DA6936 /* AppDelegate.swift in Sources */,
			);
			runOnlyForDeploymentPostprocessing = 0;
		};
		930EF5632B879C7C00DA6936 /* Sources */ = {
			isa = PBXSourcesBuildPhase;
			buildActionMask = 2147483647;
			files = (
				930EF56C2B879C7C00DA6936 /* SideScrollerNotesTests.swift in Sources */,
			);
			runOnlyForDeploymentPostprocessing = 0;
		};
		930EF56D2B879C7C00DA6936 /* Sources */ = {
			isa = PBXSourcesBuildPhase;
			buildActionMask = 2147483647;
			files = (
				930EF5762B879C7C00DA6936 /* SideScrollerNotesUITests.swift in Sources */,
				930EF5782B879C7C00DA6936 /* SideScrollerNotesUITestsLaunchTests.swift in Sources */,
			);
			runOnlyForDeploymentPostprocessing = 0;
		};
/* End PBXSourcesBuildPhase section */

/* Begin PBXTargetDependency section */
		930EF5692B879C7C00DA6936 /* PBXTargetDependency */ = {
			isa = PBXTargetDependency;
			target = 930EF54D2B879C7A00DA6936 /* SideScrollerNotes */;
			targetProxy = 930EF5682B879C7C00DA6936 /* PBXContainerItemProxy */;
		};
		930EF5732B879C7C00DA6936 /* PBXTargetDependency */ = {
			isa = PBXTargetDependency;
			target = 930EF54D2B879C7A00DA6936 /* SideScrollerNotes */;
			targetProxy = 930EF5722B879C7C00DA6936 /* PBXContainerItemProxy */;
		};
/* End PBXTargetDependency section */

/* Begin PBXVariantGroup section */
		930EF55B2B879C7A00DA6936 /* Main.storyboard */ = {
			isa = PBXVariantGroup;
			children = (
				930EF55C2B879C7A00DA6936 /* Base */,
			);
			name = Main.storyboard;
			sourceTree = "<group>";
		};
		930EF5602B879C7C00DA6936 /* LaunchScreen.storyboard */ = {
			isa = PBXVariantGroup;
			children = (
				930EF5612B879C7C00DA6936 /* Base */,
			);
			name = LaunchScreen.storyboard;
			sourceTree = "<group>";
		};
/* End PBXVariantGroup section */

/* Begin XCBuildConfiguration section */
		930EF5792B879C7C00DA6936 /* Debug */ = {
			isa = XCBuildConfiguration;
			buildSettings = {
				ALWAYS_SEARCH_USER_PATHS = NO;
				ASSETCATALOG_COMPILER_GENERATE_SWIFT_ASSET_SYMBOL_EXTENSIONS = YES;
				CLANG_ANALYZER_NONNULL = YES;
				CLANG_ANALYZER_NUMBER_OBJECT_CONVERSION = YES_AGGRESSIVE;
				CLANG_CXX_LANGUAGE_STANDARD = "gnu++20";
				CLANG_ENABLE_MODULES = YES;
				CLANG_ENABLE_OBJC_ARC = YES;
				CLANG_ENABLE_OBJC_WEAK = YES;
				CLANG_WARN_BLOCK_CAPTURE_AUTORELEASING = YES;
				CLANG_WARN_BOOL_CONVERSION = YES;
				CLANG_WARN_COMMA = YES;
				CLANG_WARN_CONSTANT_CONVERSION = YES;
				CLANG_WARN_DEPRECATED_OBJC_IMPLEMENTATIONS = YES;
				CLANG_WARN_DIRECT_OBJC_ISA_USAGE = YES_ERROR;
				CLANG_WARN_DOCUMENTATION_COMMENTS = YES;
				CLANG_WARN_EMPTY_BODY = YES;
				CLANG_WARN_ENUM_CONVERSION = YES;
				CLANG_WARN_INFINITE_RECURSION = YES;
				CLANG_WARN_INT_CONVERSION = YES;
				CLANG_WARN_NON_LITERAL_NULL_CONVERSION = YES;
				CLANG_WARN_OBJC_IMPLICIT_RETAIN_SELF = YES;
				CLANG_WARN_OBJC_LITERAL_CONVERSION = YES;
				CLANG_WARN_OBJC_ROOT_CLASS = YES_ERROR;
				CLANG_WARN_QUOTED_INCLUDE_IN_FRAMEWORK_HEADER = YES;
				CLANG_WARN_RANGE_LOOP_ANALYSIS = YES;
				CLANG_WARN_STRICT_PROTOTYPES = YES;
				CLANG_WARN_SUSPICIOUS_MOVE = YES;
				CLANG_WARN_UNGUARDED_AVAILABILITY = YES_AGGRESSIVE;
				CLANG_WARN_UNREACHABLE_CODE = YES;
				CLANG_WARN__DUPLICATE_METHOD_MATCH = YES;
				COPY_PHASE_STRIP = NO;
				DEBUG_INFORMATION_FORMAT = dwarf;
				ENABLE_STRICT_OBJC_MSGSEND = YES;
				ENABLE_TESTABILITY = YES;
				ENABLE_USER_SCRIPT_SANDBOXING = YES;
				GCC_C_LANGUAGE_STANDARD = gnu17;
				GCC_DYNAMIC_NO_PIC = NO;
				GCC_NO_COMMON_BLOCKS = YES;
				GCC_OPTIMIZATION_LEVEL = 0;
				GCC_PREPROCESSOR_DEFINITIONS = (
					"DEBUG=1",
					"$(inherited)",
				);
				GCC_WARN_64_TO_32_BIT_CONVERSION = YES;
				GCC_WARN_ABOUT_RETURN_TYPE = YES_ERROR;
				GCC_WARN_UNDECLARED_SELECTOR = YES;
				GCC_WARN_UNINITIALIZED_AUTOS = YES_AGGRESSIVE;
				GCC_WARN_UNUSED_FUNCTION = YES;
				GCC_WARN_UNUSED_VARIABLE = YES;
				IPHONEOS_DEPLOYMENT_TARGET = 17.2;
				LOCALIZATION_PREFERS_STRING_CATALOGS = YES;
				MTL_ENABLE_DEBUG_INFO = INCLUDE_SOURCE;
				MTL_FAST_MATH = YES;
				ONLY_ACTIVE_ARCH = YES;
				SDKROOT = iphoneos;
				SWIFT_ACTIVE_COMPILATION_CONDITIONS = "DEBUG $(inherited)";
				SWIFT_OPTIMIZATION_LEVEL = "-Onone";
			};
			name = Debug;
		};
		930EF57A2B879C7C00DA6936 /* Release */ = {
			isa = XCBuildConfiguration;
			buildSettings = {
				ALWAYS_SEARCH_USER_PATHS = NO;
				ASSETCATALOG_COMPILER_GENERATE_SWIFT_ASSET_SYMBOL_EXTENSIONS = YES;
				CLANG_ANALYZER_NONNULL = YES;
				CLANG_ANALYZER_NUMBER_OBJECT_CONVERSION = YES_AGGRESSIVE;
				CLANG_CXX_LANGUAGE_STANDARD = "gnu++20";
				CLANG_ENABLE_MODULES = YES;
				CLANG_ENABLE_OBJC_ARC = YES;
				CLANG_ENABLE_OBJC_WEAK = YES;
				CLANG_WARN_BLOCK_CAPTURE_AUTORELEASING = YES;
				CLANG_WARN_BOOL_CONVERSION = YES;
				CLANG_WARN_COMMA = YES;
				CLANG_WARN_CONSTANT_CONVERSION = YES;
				CLANG_WARN_DEPRECATED_OBJC_IMPLEMENTATIONS = YES;
				CLANG_WARN_DIRECT_OBJC_ISA_USAGE = YES_ERROR;
				CLANG_WARN_DOCUMENTATION_COMMENTS = YES;
				CLANG_WARN_EMPTY_BODY = YES;
				CLANG_WARN_ENUM_CONVERSION = YES;
				CLANG_WARN_INFINITE_RECURSION = YES;
				CLANG_WARN_INT_CONVERSION = YES;
				CLANG_WARN_NON_LITERAL_NULL_CONVERSION = YES;
				CLANG_WARN_OBJC_IMPLICIT_RETAIN_SELF = YES;
				CLANG_WARN_OBJC_LITERAL_CONVERSION = YES;
				CLANG_WARN_OBJC_ROOT_CLASS = YES_ERROR;
				CLANG_WARN_QUOTED_INCLUDE_IN_FRAMEWORK_HEADER = YES;
				CLANG_WARN_RANGE_LOOP_ANALYSIS = YES;
				CLANG_WARN_STRICT_PROTOTYPES = YES;
				CLANG_WARN_SUSPICIOUS_MOVE = YES;
				CLANG_WARN_UNGUARDED_AVAILABILITY = YES_AGGRESSIVE;
				CLANG_WARN_UNREACHABLE_CODE = YES;
				CLANG_WARN__DUPLICATE_METHOD_MATCH = YES;
				COPY_PHASE_STRIP = NO;
				DEBUG_INFORMATION_FORMAT = "dwarf-with-dsym";
				ENABLE_NS_ASSERTIONS = NO;
				ENABLE_STRICT_OBJC_MSGSEND = YES;
				ENABLE_USER_SCRIPT_SANDBOXING = YES;
				GCC_C_LANGUAGE_STANDARD = gnu17;
				GCC_NO_COMMON_BLOCKS = YES;
				GCC_WARN_64_TO_32_BIT_CONVERSION = YES;
				GCC_WARN_ABOUT_RETURN_TYPE = YES_ERROR;
				GCC_WARN_UNDECLARED_SELECTOR = YES;
				GCC_WARN_UNINITIALIZED_AUTOS = YES_AGGRESSIVE;
				GCC_WARN_UNUSED_FUNCTION = YES;
				GCC_WARN_UNUSED_VARIABLE = YES;
				IPHONEOS_DEPLOYMENT_TARGET = 17.2;
				LOCALIZATION_PREFERS_STRING_CATALOGS = YES;
				MTL_ENABLE_DEBUG_INFO = NO;
				MTL_FAST_MATH = YES;
				SDKROOT = iphoneos;
				SWIFT_COMPILATION_MODE = wholemodule;
				VALIDATE_PRODUCT = YES;
			};
			name = Release;
		};
		930EF57C2B879C7C00DA6936 /* Debug */ = {
			isa = XCBuildConfiguration;
			buildSettings = {
				ASSETCATALOG_COMPILER_APPICON_NAME = AppIcon;
				ASSETCATALOG_COMPILER_GLOBAL_ACCENT_COLOR_NAME = AccentColor;
				CODE_SIGN_STYLE = Automatic;
				CURRENT_PROJECT_VERSION = 1;
				DEVELOPMENT_TEAM = LSJVRC9H6H;
				GENERATE_INFOPLIST_FILE = YES;
				INFOPLIST_KEY_UIApplicationSupportsIndirectInputEvents = YES;
				INFOPLIST_KEY_UILaunchStoryboardName = LaunchScreen;
				INFOPLIST_KEY_UIMainStoryboardFile = Main;
				INFOPLIST_KEY_UIStatusBarHidden = YES;
				INFOPLIST_KEY_UISupportedInterfaceOrientations_iPad = "UIInterfaceOrientationPortrait UIInterfaceOrientationPortraitUpsideDown UIInterfaceOrientationLandscapeLeft UIInterfaceOrientationLandscapeRight";
				INFOPLIST_KEY_UISupportedInterfaceOrientations_iPhone = "UIInterfaceOrientationPortrait UIInterfaceOrientationLandscapeLeft UIInterfaceOrientationLandscapeRight";
				LD_RUNPATH_SEARCH_PATHS = (
					"$(inherited)",
					"@executable_path/Frameworks",
				);
				MARKETING_VERSION = 1.0;
				PRODUCT_BUNDLE_IDENTIFIER = clc.SideScrollerNotes;
				PRODUCT_NAME = "$(TARGET_NAME)";
				SWIFT_EMIT_LOC_STRINGS = YES;
				SWIFT_VERSION = 5.0;
				TARGETED_DEVICE_FAMILY = "1,2";
			};
			name = Debug;
		};
		930EF57D2B879C7C00DA6936 /* Release */ = {
			isa = XCBuildConfiguration;
			buildSettings = {
				ASSETCATALOG_COMPILER_APPICON_NAME = AppIcon;
				ASSETCATALOG_COMPILER_GLOBAL_ACCENT_COLOR_NAME = AccentColor;
				CODE_SIGN_STYLE = Automatic;
				CURRENT_PROJECT_VERSION = 1;
				DEVELOPMENT_TEAM = LSJVRC9H6H;
				GENERATE_INFOPLIST_FILE = YES;
				INFOPLIST_KEY_UIApplicationSupportsIndirectInputEvents = YES;
				INFOPLIST_KEY_UILaunchStoryboardName = LaunchScreen;
				INFOPLIST_KEY_UIMainStoryboardFile = Main;
				INFOPLIST_KEY_UIStatusBarHidden = YES;
				INFOPLIST_KEY_UISupportedInterfaceOrientations_iPad = "UIInterfaceOrientationPortrait UIInterfaceOrientationPortraitUpsideDown UIInterfaceOrientationLandscapeLeft UIInterfaceOrientationLandscapeRight";
				INFOPLIST_KEY_UISupportedInterfaceOrientations_iPhone = "UIInterfaceOrientationPortrait UIInterfaceOrientationLandscapeLeft UIInterfaceOrientationLandscapeRight";
				LD_RUNPATH_SEARCH_PATHS = (
					"$(inherited)",
					"@executable_path/Frameworks",
				);
				MARKETING_VERSION = 1.0;
				PRODUCT_BUNDLE_IDENTIFIER = clc.SideScrollerNotes;
				PRODUCT_NAME = "$(TARGET_NAME)";
				SWIFT_EMIT_LOC_STRINGS = YES;
				SWIFT_VERSION = 5.0;
				TARGETED_DEVICE_FAMILY = "1,2";
			};
			name = Release;
		};
		930EF57F2B879C7C00DA6936 /* Debug */ = {
			isa = XCBuildConfiguration;
			buildSettings = {
				ALWAYS_EMBED_SWIFT_STANDARD_LIBRARIES = YES;
				BUNDLE_LOADER = "$(TEST_HOST)";
				CODE_SIGN_STYLE = Automatic;
				CURRENT_PROJECT_VERSION = 1;
				DEVELOPMENT_TEAM = LSJVRC9H6H;
				GENERATE_INFOPLIST_FILE = YES;
				IPHONEOS_DEPLOYMENT_TARGET = 17.2;
				MARKETING_VERSION = 1.0;
				PRODUCT_BUNDLE_IDENTIFIER = clc.SideScrollerNotesTests;
				PRODUCT_NAME = "$(TARGET_NAME)";
				SWIFT_EMIT_LOC_STRINGS = NO;
				SWIFT_VERSION = 5.0;
				TARGETED_DEVICE_FAMILY = "1,2";
				TEST_HOST = "$(BUILT_PRODUCTS_DIR)/SideScrollerNotes.app/$(BUNDLE_EXECUTABLE_FOLDER_PATH)/SideScrollerNotes";
			};
			name = Debug;
		};
		930EF5802B879C7C00DA6936 /* Release */ = {
			isa = XCBuildConfiguration;
			buildSettings = {
				ALWAYS_EMBED_SWIFT_STANDARD_LIBRARIES = YES;
				BUNDLE_LOADER = "$(TEST_HOST)";
				CODE_SIGN_STYLE = Automatic;
				CURRENT_PROJECT_VERSION = 1;
				DEVELOPMENT_TEAM = LSJVRC9H6H;
				GENERATE_INFOPLIST_FILE = YES;
				IPHONEOS_DEPLOYMENT_TARGET = 17.2;
				MARKETING_VERSION = 1.0;
				PRODUCT_BUNDLE_IDENTIFIER = clc.SideScrollerNotesTests;
				PRODUCT_NAME = "$(TARGET_NAME)";
				SWIFT_EMIT_LOC_STRINGS = NO;
				SWIFT_VERSION = 5.0;
				TARGETED_DEVICE_FAMILY = "1,2";
				TEST_HOST = "$(BUILT_PRODUCTS_DIR)/SideScrollerNotes.app/$(BUNDLE_EXECUTABLE_FOLDER_PATH)/SideScrollerNotes";
			};
			name = Release;
		};
		930EF5822B879C7C00DA6936 /* Debug */ = {
			isa = XCBuildConfiguration;
			buildSettings = {
				ALWAYS_EMBED_SWIFT_STANDARD_LIBRARIES = YES;
				CODE_SIGN_STYLE = Automatic;
				CURRENT_PROJECT_VERSION = 1;
				DEVELOPMENT_TEAM = LSJVRC9H6H;
				GENERATE_INFOPLIST_FILE = YES;
				MARKETING_VERSION = 1.0;
				PRODUCT_BUNDLE_IDENTIFIER = clc.SideScrollerNotesUITests;
				PRODUCT_NAME = "$(TARGET_NAME)";
				SWIFT_EMIT_LOC_STRINGS = NO;
				SWIFT_VERSION = 5.0;
				TARGETED_DEVICE_FAMILY = "1,2";
				TEST_TARGET_NAME = SideScrollerNotes;
			};
			name = Debug;
		};
		930EF5832B879C7C00DA6936 /* Release */ = {
			isa = XCBuildConfiguration;
			buildSettings = {
				ALWAYS_EMBED_SWIFT_STANDARD_LIBRARIES = YES;
				CODE_SIGN_STYLE = Automatic;
				CURRENT_PROJECT_VERSION = 1;
				DEVELOPMENT_TEAM = LSJVRC9H6H;
				GENERATE_INFOPLIST_FILE = YES;
				MARKETING_VERSION = 1.0;
				PRODUCT_BUNDLE_IDENTIFIER = clc.SideScrollerNotesUITests;
				PRODUCT_NAME = "$(TARGET_NAME)";
				SWIFT_EMIT_LOC_STRINGS = NO;
				SWIFT_VERSION = 5.0;
				TARGETED_DEVICE_FAMILY = "1,2";
				TEST_TARGET_NAME = SideScrollerNotes;
			};
			name = Release;
		};
/* End XCBuildConfiguration section */

/* Begin XCConfigurationList section */
		930EF5492B879C7A00DA6936 /* Build configuration list for PBXProject "SideScrollerNotes" */ = {
			isa = XCConfigurationList;
			buildConfigurations = (
				930EF5792B879C7C00DA6936 /* Debug */,
				930EF57A2B879C7C00DA6936 /* Release */,
			);
			defaultConfigurationIsVisible = 0;
			defaultConfigurationName = Release;
		};
		930EF57B2B879C7C00DA6936 /* Build configuration list for PBXNativeTarget "SideScrollerNotes" */ = {
			isa = XCConfigurationList;
			buildConfigurations = (
				930EF57C2B879C7C00DA6936 /* Debug */,
				930EF57D2B879C7C00DA6936 /* Release */,
			);
			defaultConfigurationIsVisible = 0;
			defaultConfigurationName = Release;
		};
		930EF57E2B879C7C00DA6936 /* Build configuration list for PBXNativeTarget "SideScrollerNotesTests" */ = {
			isa = XCConfigurationList;
			buildConfigurations = (
				930EF57F2B879C7C00DA6936 /* Debug */,
				930EF5802B879C7C00DA6936 /* Release */,
			);
			defaultConfigurationIsVisible = 0;
			defaultConfigurationName = Release;
		};
		930EF5812B879C7C00DA6936 /* Build configuration list for PBXNativeTarget "SideScrollerNotesUITests" */ = {
			isa = XCConfigurationList;
			buildConfigurations = (
				930EF5822B879C7C00DA6936 /* Debug */,
				930EF5832B879C7C00DA6936 /* Release */,
			);
			defaultConfigurationIsVisible = 0;
			defaultConfigurationName = Release;
		};
/* End XCConfigurationList section */
	};
	rootObject = 930EF5462B879C7A00DA6936 /* Project object */;
}
